
Microsoft Visual Studio Solution File, Format Version 12.00
# Visual Studio Version 17
VisualStudioVersion = 17.13.35825.156
MinimumVisualStudioVersion = 10.0.40219.1
Project("{2150E333-8FDC-42A3-9474-1A3956D46DE8}") = "Feature", "Feature", "{02EA681E-C7D8-13C7-8484-4AC65E1B71E8}"
EndProject
Project("{2150E333-8FDC-42A3-9474-1A3956D46DE8}") = "Foundation", "Foundation", "{C057E626-7703-4F14-BFB3-47C3E4C6D536}"
EndProject
Project("{2150E333-8FDC-42A3-9474-1A3956D46DE8}") = "Project", "Project", "{7DE10F12-B2A4-4B79-983D-EE1C8ABC844B}"
EndProject
Project("{2150E333-8FDC-42A3-9474-1A3956D46DE8}") = "Website", "Website", "{BA1D500D-C012-482C-9536-1996D0F62FFD}"
EndProject
Project("{2150E333-8FDC-42A3-9474-1A3956D46DE8}") = "Website", "Website", "{E9599ECD-0FA0-4035-B1B8-FFE60CCC56A1}"
	ProjectSection(SolutionItems) = preProject
		src\Project\Highlanders\Project.Highlander.module.json = src\Project\Highlanders\Project.Highlander.module.json
	EndProjectSection
EndProject
Project("{FAE04EC0-301F-11D3-BF4B-00C04F79EFBC}") = "Project.Highlanders.Website", "src\Project\Highlanders\code\Project.Highlanders.Website.csproj", "{EF8D37C1-6257-47B1-BF96-EE0089B12276}"
EndProject
Project("{2150E333-8FDC-42A3-9474-1A3956D46DE8}") = "GenarateTemplates", "GenarateTemplates", "{5D7B624C-5A50-400D-A22C-DAA4D1A436ED}"
	ProjectSection(SolutionItems) = preProject
		src\Feature\GenerateTemplates\Highlanders.Feature.GenerateTemplates.module.json = src\Feature\GenerateTemplates\Highlanders.Feature.GenerateTemplates.module.json
	EndProjectSection
EndProject
Project("{FAE04EC0-301F-11D3-BF4B-00C04F79EFBC}") = "Highlanders.Feature.GenerateTemplates", "src\Feature\GenerateTemplates\code\Highlanders.Feature.GenerateTemplates.csproj", "{38375CC7-0D9D-4A7B-B94A-4677747BBA63}"
EndProject
Project("{2150E333-8FDC-42A3-9474-1A3956D46DE8}") = "DependencyInjection", "DependencyInjection", "{0BB8C091-2B22-4B6C-9B6F-341C85FBC708}"
EndProject
Project("{FAE04EC0-301F-11D3-BF4B-00C04F79EFBC}") = "Highlanders.Foundation.DependencyInjection", "src\Foundation\DependencyInjection\code\Highlanders.Foundation.DependencyInjection.csproj", "{52C051E3-F95C-41CF-B859-3F175DBAA6D4}"
EndProject
Project("{2150E333-8FDC-42A3-9474-1A3956D46DE8}") = "Config", "Config", "{05CE41EB-EF3C-43E3-BCC2-90D0D20251B5}"
	ProjectSection(SolutionItems) = preProject
		publishsettings.targets = publishsettings.targets
	EndProjectSection
EndProject
Project("{2150E333-8FDC-42A3-9474-1A3956D46DE8}") = "Services", "Services", "{708DABE5-921F-41DB-955D-F890EF5EC470}"
EndProject
Project("{FAE04EC0-301F-11D3-BF4B-00C04F79EFBC}") = "Highlanders.Foundation.Services", "src\Foundation\Services\code\Highlanders.Foundation.Services.csproj", "{4ADE3C1C-37C2-4B8B-8AC1-CF8582FC6722}"
EndProject
Global
	GlobalSection(SolutionConfigurationPlatforms) = preSolution
		Debug|Any CPU = Debug|Any CPU
		Release|Any CPU = Release|Any CPU
	EndGlobalSection
	GlobalSection(ProjectConfigurationPlatforms) = postSolution
		{EF8D37C1-6257-47B1-BF96-EE0089B12276}.Debug|Any CPU.ActiveCfg = Debug|Any CPU
		{EF8D37C1-6257-47B1-BF96-EE0089B12276}.Debug|Any CPU.Build.0 = Debug|Any CPU
		{EF8D37C1-6257-47B1-BF96-EE0089B12276}.Release|Any CPU.ActiveCfg = Release|Any CPU
		{EF8D37C1-6257-47B1-BF96-EE0089B12276}.Release|Any CPU.Build.0 = Release|Any CPU
		{38375CC7-0D9D-4A7B-B94A-4677747BBA63}.Debug|Any CPU.ActiveCfg = Debug|Any CPU
		{38375CC7-0D9D-4A7B-B94A-4677747BBA63}.Debug|Any CPU.Build.0 = Debug|Any CPU
		{38375CC7-0D9D-4A7B-B94A-4677747BBA63}.Release|Any CPU.ActiveCfg = Release|Any CPU
		{38375CC7-0D9D-4A7B-B94A-4677747BBA63}.Release|Any CPU.Build.0 = Release|Any CPU
		{52C051E3-F95C-41CF-B859-3F175DBAA6D4}.Debug|Any CPU.ActiveCfg = Debug|Any CPU
		{52C051E3-F95C-41CF-B859-3F175DBAA6D4}.Debug|Any CPU.Build.0 = Debug|Any CPU
		{52C051E3-F95C-41CF-B859-3F175DBAA6D4}.Release|Any CPU.ActiveCfg = Release|Any CPU
		{52C051E3-F95C-41CF-B859-3F175DBAA6D4}.Release|Any CPU.Build.0 = Release|Any CPU
		{4ADE3C1C-37C2-4B8B-8AC1-CF8582FC6722}.Debug|Any CPU.ActiveCfg = Debug|Any CPU
		{4ADE3C1C-37C2-4B8B-8AC1-CF8582FC6722}.Debug|Any CPU.Build.0 = Debug|Any CPU
		{4ADE3C1C-37C2-4B8B-8AC1-CF8582FC6722}.Release|Any CPU.ActiveCfg = Release|Any CPU
		{4ADE3C1C-37C2-4B8B-8AC1-CF8582FC6722}.Release|Any CPU.Build.0 = Release|Any CPU
	EndGlobalSection
	GlobalSection(SolutionProperties) = preSolution
		HideSolutionNode = FALSE
	EndGlobalSection
	GlobalSection(NestedProjects) = preSolution
		{E9599ECD-0FA0-4035-B1B8-FFE60CCC56A1} = {7DE10F12-B2A4-4B79-983D-EE1C8ABC844B}
		{EF8D37C1-6257-47B1-BF96-EE0089B12276} = {E9599ECD-0FA0-4035-B1B8-FFE60CCC56A1}
		{5D7B624C-5A50-400D-A22C-DAA4D1A436ED} = {02EA681E-C7D8-13C7-8484-4AC65E1B71E8}
		{38375CC7-0D9D-4A7B-B94A-4677747BBA63} = {5D7B624C-5A50-400D-A22C-DAA4D1A436ED}
		{0BB8C091-2B22-4B6C-9B6F-341C85FBC708} = {C057E626-7703-4F14-BFB3-47C3E4C6D536}
		{52C051E3-F95C-41CF-B859-3F175DBAA6D4} = {0BB8C091-2B22-4B6C-9B6F-341C85FBC708}
		{708DABE5-921F-41DB-955D-F890EF5EC470} = {C057E626-7703-4F14-BFB3-47C3E4C6D536}
		{4ADE3C1C-37C2-4B8B-8AC1-CF8582FC6722} = {708DABE5-921F-41DB-955D-F890EF5EC470}
	EndGlobalSection
	GlobalSection(ExtensibilityGlobals) = postSolution
		SolutionGuid = {8CCE3B41-37B3-4960-AE61-5C0143129D41}
	EndGlobalSection
EndGlobal
